
Microsoft Visual Studio Solution File, Format Version 12.00
# Visual Studio Version 17
VisualStudioVersion = 17.5.2.0
MinimumVisualStudioVersion = 10.0.40219.1
Project("{9A19103F-16F7-4668-BE54-9A1E7A4F7556}") = "todo", "todo.csproj", "{76AB44E9-0073-4194-87EC-19F71B089162}"
EndProject
Global
	GlobalSection(SolutionConfigurationPlatforms) = preSolution
		Debug|Any CPU = Debug|Any CPU
		Debug|x64 = Debug|x64
		Debug|x86 = Debug|x86
		Release|Any CPU = Release|Any CPU
		Release|x64 = Release|x64
		Release|x86 = Release|x86
	EndGlobalSection
	GlobalSection(ProjectConfigurationPlatforms) = postSolution
		{76AB44E9-0073-4194-87EC-19F71B089162}.Debug|Any CPU.ActiveCfg = Debug|Any CPU
		{76AB44E9-0073-4194-87EC-19F71B089162}.Debug|Any CPU.Build.0 = Debug|Any CPU
		{76AB44E9-0073-4194-87EC-19F71B089162}.Debug|x64.ActiveCfg = Debug|Any CPU
		{76AB44E9-0073-4194-87EC-19F71B089162}.Debug|x64.Build.0 = Debug|Any CPU
		{76AB44E9-0073-4194-87EC-19F71B089162}.Debug|x86.ActiveCfg = Debug|Any CPU
		{76AB44E9-0073-4194-87EC-19F71B089162}.Debug|x86.Build.0 = Debug|Any CPU
		{76AB44E9-0073-4194-87EC-19F71B089162}.Release|Any CPU.ActiveCfg = Release|Any CPU
		{76AB44E9-0073-4194-87EC-19F71B089162}.Release|Any CPU.Build.0 = Release|Any CPU
		{76AB44E9-0073-4194-87EC-19F71B089162}.Release|x64.ActiveCfg = Release|Any CPU
		{76AB44E9-0073-4194-87EC-19F71B089162}.Release|x64.Build.0 = Release|Any CPU
		{76AB44E9-0073-4194-87EC-19F71B089162}.Release|x86.ActiveCfg = Release|Any CPU
		{76AB44E9-0073-4194-87EC-19F71B089162}.Release|x86.Build.0 = Release|Any CPU
	EndGlobalSection
	GlobalSection(SolutionProperties) = preSolution
		HideSolutionNode = FALSE
	EndGlobalSection
	GlobalSection(ExtensibilityGlobals) = postSolution
		SolutionGuid = {A3272E80-1648-44AF-A01C-38B30233CC3B}
	EndGlobalSection
EndGlobal
